
Microsoft Visual Studio Solution File, Format Version 12.00
# Visual Studio Version 17
VisualStudioVersion = 17.1.32319.34
MinimumVisualStudioVersion = 10.0.40219.1
Project("{FAE04EC0-301F-11D3-BF4B-00C04F79EFBC}") = "Entidades", "Entidades\Entidades.csproj", "{541BA457-0F84-4426-A67E-447A7B0EE098}"
EndProject
Project("{FAE04EC0-301F-11D3-BF4B-00C04F79EFBC}") = "MiCalculadora", "MiCalculadora\MiCalculadora.csproj", "{25C8D28A-2301-4875-9869-86F1AAFDBB03}"
EndProject
Global
	GlobalSection(SolutionConfigurationPlatforms) = preSolution
		Debug|Any CPU = Debug|Any CPU
		Release|Any CPU = Release|Any CPU
	EndGlobalSection
	GlobalSection(ProjectConfigurationPlatforms) = postSolution
		{541BA457-0F84-4426-A67E-447A7B0EE098}.Debug|Any CPU.ActiveCfg = Debug|Any CPU
		{541BA457-0F84-4426-A67E-447A7B0EE098}.Debug|Any CPU.Build.0 = Debug|Any CPU
		{541BA457-0F84-4426-A67E-447A7B0EE098}.Release|Any CPU.ActiveCfg = Release|Any CPU
		{541BA457-0F84-4426-A67E-447A7B0EE098}.Release|Any CPU.Build.0 = Release|Any CPU
		{25C8D28A-2301-4875-9869-86F1AAFDBB03}.Debug|Any CPU.ActiveCfg = Debug|Any CPU
		{25C8D28A-2301-4875-9869-86F1AAFDBB03}.Debug|Any CPU.Build.0 = Debug|Any CPU
		{25C8D28A-2301-4875-9869-86F1AAFDBB03}.Release|Any CPU.ActiveCfg = Release|Any CPU
		{25C8D28A-2301-4875-9869-86F1AAFDBB03}.Release|Any CPU.Build.0 = Release|Any CPU
	EndGlobalSection
	GlobalSection(SolutionProperties) = preSolution
		HideSolutionNode = FALSE
	EndGlobalSection
	GlobalSection(ExtensibilityGlobals) = postSolution
		SolutionGuid = {A9525D7C-8828-40CF-852A-E8B1142E140E}
	EndGlobalSection
EndGlobal
